// !$*UTF8*$!
{
	archiveVersion = 1;
	classes = {
	};
	objectVersion = 50;
	objects = {

/* Begin PBXBuildFile section */
		6B37C5BA21D05B2D001FCCF6 /* Point.swift in Sources */ = {isa = PBXBuildFile; fileRef = 6B37C5B921D05B2D001FCCF6 /* Point.swift */; };
		6B81E1BE21D53F3F00EA8782 /* AStar.swift in Sources */ = {isa = PBXBuildFile; fileRef = 6B81E1BD21D53F3F00EA8782 /* AStar.swift */; };
		6B81E1C021D574BF00EA8782 /* Dijkstra.swift in Sources */ = {isa = PBXBuildFile; fileRef = 6B81E1BF21D574BF00EA8782 /* Dijkstra.swift */; };
		6B81E1C421D59C5200EA8782 /* HashedHeap.swift in Sources */ = {isa = PBXBuildFile; fileRef = 6B81E1C321D59C5200EA8782 /* HashedHeap.swift */; };
		6B93412221D96A1A00760214 /* Array+Comparable.swift in Sources */ = {isa = PBXBuildFile; fileRef = 6B93412121D96A1A00760214 /* Array+Comparable.swift */; };
		6BC801EC21C209CB00588758 /* TwoWayArray.swift in Sources */ = {isa = PBXBuildFile; fileRef = 6BC801EB21C209CB00588758 /* TwoWayArray.swift */; };
		6BC801EE21C20B8C00588758 /* TwoWayArrayTests.swift in Sources */ = {isa = PBXBuildFile; fileRef = 6BC801ED21C20B8C00588758 /* TwoWayArrayTests.swift */; };
		6BD8D93D21BBB52100B7CD4C /* Heap.swift in Sources */ = {isa = PBXBuildFile; fileRef = 6BD8D93C21BBB52100B7CD4C /* Heap.swift */; };
		6BFB788021B9FE5E00A772EC /* AdventLib.framework in Frameworks */ = {isa = PBXBuildFile; fileRef = 6BFB787621B9FE5E00A772EC /* AdventLib.framework */; };
		6BFB788521B9FE5E00A772EC /* AdventLibTests.swift in Sources */ = {isa = PBXBuildFile; fileRef = 6BFB788421B9FE5E00A772EC /* AdventLibTests.swift */; };
		6BFB788721B9FE5F00A772EC /* AdventLib.h in Headers */ = {isa = PBXBuildFile; fileRef = 6BFB787921B9FE5E00A772EC /* AdventLib.h */; settings = {ATTRIBUTES = (Public, ); }; };
		6BFB789121B9FEB100A772EC /* Rect.swift in Sources */ = {isa = PBXBuildFile; fileRef = 6BFB789021B9FEB100A772EC /* Rect.swift */; };
		6BFB789321B9FF2C00A772EC /* Regex.swift in Sources */ = {isa = PBXBuildFile; fileRef = 6BFB789221B9FF2C00A772EC /* Regex.swift */; };
		6BFB789521BA031B00A772EC /* Char.swift in Sources */ = {isa = PBXBuildFile; fileRef = 6BFB789421BA031B00A772EC /* Char.swift */; };
		6BFB789721BB860A00A772EC /* CharTests.swift in Sources */ = {isa = PBXBuildFile; fileRef = 6BFB789621BB860A00A772EC /* CharTests.swift */; };
/* End PBXBuildFile section */

/* Begin PBXContainerItemProxy section */
		6BFB788121B9FE5E00A772EC /* PBXContainerItemProxy */ = {
			isa = PBXContainerItemProxy;
			containerPortal = 6BFB786D21B9FE5E00A772EC /* Project object */;
			proxyType = 1;
			remoteGlobalIDString = 6BFB787521B9FE5E00A772EC;
			remoteInfo = AdventLib;
		};
/* End PBXContainerItemProxy section */

/* Begin PBXFileReference section */
		6B37C5B921D05B2D001FCCF6 /* Point.swift */ = {isa = PBXFileReference; lastKnownFileType = sourcecode.swift; path = Point.swift; sourceTree = "<group>"; };
		6B81E1BD21D53F3F00EA8782 /* AStar.swift */ = {isa = PBXFileReference; lastKnownFileType = sourcecode.swift; path = AStar.swift; sourceTree = "<group>"; };
		6B81E1BF21D574BF00EA8782 /* Dijkstra.swift */ = {isa = PBXFileReference; lastKnownFileType = sourcecode.swift; path = Dijkstra.swift; sourceTree = "<group>"; };
		6B81E1C321D59C5200EA8782 /* HashedHeap.swift */ = {isa = PBXFileReference; lastKnownFileType = sourcecode.swift; path = HashedHeap.swift; sourceTree = "<group>"; };
		6B93412121D96A1A00760214 /* Array+Comparable.swift */ = {isa = PBXFileReference; lastKnownFileType = sourcecode.swift; path = "Array+Comparable.swift"; sourceTree = "<group>"; };
		6BC801EB21C209CB00588758 /* TwoWayArray.swift */ = {isa = PBXFileReference; lastKnownFileType = sourcecode.swift; path = TwoWayArray.swift; sourceTree = "<group>"; };
		6BC801ED21C20B8C00588758 /* TwoWayArrayTests.swift */ = {isa = PBXFileReference; lastKnownFileType = sourcecode.swift; path = TwoWayArrayTests.swift; sourceTree = "<group>"; };
		6BD8D93C21BBB52100B7CD4C /* Heap.swift */ = {isa = PBXFileReference; lastKnownFileType = sourcecode.swift; path = Heap.swift; sourceTree = "<group>"; };
		6BFB787621B9FE5E00A772EC /* AdventLib.framework */ = {isa = PBXFileReference; explicitFileType = wrapper.framework; includeInIndex = 0; path = AdventLib.framework; sourceTree = BUILT_PRODUCTS_DIR; };
		6BFB787921B9FE5E00A772EC /* AdventLib.h */ = {isa = PBXFileReference; lastKnownFileType = sourcecode.c.h; path = AdventLib.h; sourceTree = "<group>"; };
		6BFB787A21B9FE5E00A772EC /* Info.plist */ = {isa = PBXFileReference; lastKnownFileType = text.plist.xml; path = Info.plist; sourceTree = "<group>"; };
		6BFB787F21B9FE5E00A772EC /* AdventLibTests.xctest */ = {isa = PBXFileReference; explicitFileType = wrapper.cfbundle; includeInIndex = 0; path = AdventLibTests.xctest; sourceTree = BUILT_PRODUCTS_DIR; };
		6BFB788421B9FE5E00A772EC /* AdventLibTests.swift */ = {isa = PBXFileReference; lastKnownFileType = sourcecode.swift; path = AdventLibTests.swift; sourceTree = "<group>"; };
		6BFB788621B9FE5E00A772EC /* Info.plist */ = {isa = PBXFileReference; lastKnownFileType = text.plist.xml; path = Info.plist; sourceTree = "<group>"; };
		6BFB789021B9FEB100A772EC /* Rect.swift */ = {isa = PBXFileReference; lastKnownFileType = sourcecode.swift; path = Rect.swift; sourceTree = "<group>"; };
		6BFB789221B9FF2C00A772EC /* Regex.swift */ = {isa = PBXFileReference; lastKnownFileType = sourcecode.swift; path = Regex.swift; sourceTree = "<group>"; };
		6BFB789421BA031B00A772EC /* Char.swift */ = {isa = PBXFileReference; lastKnownFileType = sourcecode.swift; path = Char.swift; sourceTree = "<group>"; };
		6BFB789621BB860A00A772EC /* CharTests.swift */ = {isa = PBXFileReference; lastKnownFileType = sourcecode.swift; path = CharTests.swift; sourceTree = "<group>"; };
/* End PBXFileReference section */

/* Begin PBXFrameworksBuildPhase section */
		6BFB787321B9FE5E00A772EC /* Frameworks */ = {
			isa = PBXFrameworksBuildPhase;
			buildActionMask = 2147483647;
			files = (
			);
			runOnlyForDeploymentPostprocessing = 0;
		};
		6BFB787C21B9FE5E00A772EC /* Frameworks */ = {
			isa = PBXFrameworksBuildPhase;
			buildActionMask = 2147483647;
			files = (
				6BFB788021B9FE5E00A772EC /* AdventLib.framework in Frameworks */,
			);
			runOnlyForDeploymentPostprocessing = 0;
		};
/* End PBXFrameworksBuildPhase section */

/* Begin PBXGroup section */
		6BFB786C21B9FE5E00A772EC = {
			isa = PBXGroup;
			children = (
				6BFB787821B9FE5E00A772EC /* AdventLib */,
				6BFB788321B9FE5E00A772EC /* AdventLibTests */,
				6BFB787721B9FE5E00A772EC /* Products */,
			);
			sourceTree = "<group>";
		};
		6BFB787721B9FE5E00A772EC /* Products */ = {
			isa = PBXGroup;
			children = (
				6BFB787621B9FE5E00A772EC /* AdventLib.framework */,
				6BFB787F21B9FE5E00A772EC /* AdventLibTests.xctest */,
			);
			name = Products;
			sourceTree = "<group>";
		};
		6BFB787821B9FE5E00A772EC /* AdventLib */ = {
			isa = PBXGroup;
			children = (
				6BFB789421BA031B00A772EC /* Char.swift */,
				6BFB789021B9FEB100A772EC /* Rect.swift */,
				6BFB789221B9FF2C00A772EC /* Regex.swift */,
				6BFB787921B9FE5E00A772EC /* AdventLib.h */,
				6BFB787A21B9FE5E00A772EC /* Info.plist */,
				6BD8D93C21BBB52100B7CD4C /* Heap.swift */,
				6BC801EB21C209CB00588758 /* TwoWayArray.swift */,
				6B37C5B921D05B2D001FCCF6 /* Point.swift */,
				6B81E1BD21D53F3F00EA8782 /* AStar.swift */,
				6B81E1BF21D574BF00EA8782 /* Dijkstra.swift */,
				6B81E1C321D59C5200EA8782 /* HashedHeap.swift */,
				6B93412121D96A1A00760214 /* Array+Comparable.swift */,
			);
			path = AdventLib;
			sourceTree = "<group>";
		};
		6BFB788321B9FE5E00A772EC /* AdventLibTests */ = {
			isa = PBXGroup;
			children = (
				6BFB788421B9FE5E00A772EC /* AdventLibTests.swift */,
				6BFB788621B9FE5E00A772EC /* Info.plist */,
				6BFB789621BB860A00A772EC /* CharTests.swift */,
				6BC801ED21C20B8C00588758 /* TwoWayArrayTests.swift */,
			);
			path = AdventLibTests;
			sourceTree = "<group>";
		};
/* End PBXGroup section */

/* Begin PBXHeadersBuildPhase section */
		6BFB787121B9FE5E00A772EC /* Headers */ = {
			isa = PBXHeadersBuildPhase;
			buildActionMask = 2147483647;
			files = (
				6BFB788721B9FE5F00A772EC /* AdventLib.h in Headers */,
			);
			runOnlyForDeploymentPostprocessing = 0;
		};
/* End PBXHeadersBuildPhase section */

/* Begin PBXNativeTarget section */
		6BFB787521B9FE5E00A772EC /* AdventLib */ = {
			isa = PBXNativeTarget;
			buildConfigurationList = 6BFB788A21B9FE5F00A772EC /* Build configuration list for PBXNativeTarget "AdventLib" */;
			buildPhases = (
				6BFB787121B9FE5E00A772EC /* Headers */,
				6BFB787221B9FE5E00A772EC /* Sources */,
				6BFB787321B9FE5E00A772EC /* Frameworks */,
				6BFB787421B9FE5E00A772EC /* Resources */,
			);
			buildRules = (
			);
			dependencies = (
			);
			name = AdventLib;
			productName = AdventLib;
			productReference = 6BFB787621B9FE5E00A772EC /* AdventLib.framework */;
			productType = "com.apple.product-type.framework";
		};
		6BFB787E21B9FE5E00A772EC /* AdventLibTests */ = {
			isa = PBXNativeTarget;
			buildConfigurationList = 6BFB788D21B9FE5F00A772EC /* Build configuration list for PBXNativeTarget "AdventLibTests" */;
			buildPhases = (
				6BFB787B21B9FE5E00A772EC /* Sources */,
				6BFB787C21B9FE5E00A772EC /* Frameworks */,
				6BFB787D21B9FE5E00A772EC /* Resources */,
			);
			buildRules = (
			);
			dependencies = (
				6BFB788221B9FE5E00A772EC /* PBXTargetDependency */,
			);
			name = AdventLibTests;
			productName = AdventLibTests;
			productReference = 6BFB787F21B9FE5E00A772EC /* AdventLibTests.xctest */;
			productType = "com.apple.product-type.bundle.unit-test";
		};
/* End PBXNativeTarget section */

/* Begin PBXProject section */
		6BFB786D21B9FE5E00A772EC /* Project object */ = {
			isa = PBXProject;
			attributes = {
				LastSwiftUpdateCheck = 1010;
				LastUpgradeCheck = 1010;
				ORGANIZATIONNAME = "David Paschich";
				TargetAttributes = {
					6BFB787521B9FE5E00A772EC = {
						CreatedOnToolsVersion = 10.1;
					};
					6BFB787E21B9FE5E00A772EC = {
						CreatedOnToolsVersion = 10.1;
					};
				};
			};
			buildConfigurationList = 6BFB787021B9FE5E00A772EC /* Build configuration list for PBXProject "AdventLib" */;
			compatibilityVersion = "Xcode 9.3";
			developmentRegion = en;
			hasScannedForEncodings = 0;
			knownRegions = (
				en,
			);
			mainGroup = 6BFB786C21B9FE5E00A772EC;
			productRefGroup = 6BFB787721B9FE5E00A772EC /* Products */;
			projectDirPath = "";
			projectRoot = "";
			targets = (
				6BFB787521B9FE5E00A772EC /* AdventLib */,
				6BFB787E21B9FE5E00A772EC /* AdventLibTests */,
			);
		};
/* End PBXProject section */

/* Begin PBXResourcesBuildPhase section */
		6BFB787421B9FE5E00A772EC /* Resources */ = {
			isa = PBXResourcesBuildPhase;
			buildActionMask = 2147483647;
			files = (
			);
			runOnlyForDeploymentPostprocessing = 0;
		};
		6BFB787D21B9FE5E00A772EC /* Resources */ = {
			isa = PBXResourcesBuildPhase;
			buildActionMask = 2147483647;
			files = (
			);
			runOnlyForDeploymentPostprocessing = 0;
		};
/* End PBXResourcesBuildPhase section */

/* Begin PBXSourcesBuildPhase section */
		6BFB787221B9FE5E00A772EC /* Sources */ = {
			isa = PBXSourcesBuildPhase;
			buildActionMask = 2147483647;
			files = (
				6B81E1BE21D53F3F00EA8782 /* AStar.swift in Sources */,
				6BFB789121B9FEB100A772EC /* Rect.swift in Sources */,
				6BFB789521BA031B00A772EC /* Char.swift in Sources */,
				6B93412221D96A1A00760214 /* Array+Comparable.swift in Sources */,
				6B37C5BA21D05B2D001FCCF6 /* Point.swift in Sources */,
				6BFB789321B9FF2C00A772EC /* Regex.swift in Sources */,
				6B81E1C021D574BF00EA8782 /* Dijkstra.swift in Sources */,
				6BD8D93D21BBB52100B7CD4C /* Heap.swift in Sources */,
				6BC801EC21C209CB00588758 /* TwoWayArray.swift in Sources */,
				6B81E1C421D59C5200EA8782 /* HashedHeap.swift in Sources */,
			);
			runOnlyForDeploymentPostprocessing = 0;
		};
		6BFB787B21B9FE5E00A772EC /* Sources */ = {
			isa = PBXSourcesBuildPhase;
			buildActionMask = 2147483647;
			files = (
				6BFB788521B9FE5E00A772EC /* AdventLibTests.swift in Sources */,
				6BC801EE21C20B8C00588758 /* TwoWayArrayTests.swift in Sources */,
				6BFB789721BB860A00A772EC /* CharTests.swift in Sources */,
			);
			runOnlyForDeploymentPostprocessing = 0;
		};
/* End PBXSourcesBuildPhase section */

/* Begin PBXTargetDependency section */
		6BFB788221B9FE5E00A772EC /* PBXTargetDependency */ = {
			isa = PBXTargetDependency;
			target = 6BFB787521B9FE5E00A772EC /* AdventLib */;
			targetProxy = 6BFB788121B9FE5E00A772EC /* PBXContainerItemProxy */;
		};
/* End PBXTargetDependency section */

/* Begin XCBuildConfiguration section */
		6BFB788821B9FE5F00A772EC /* Debug */ = {
			isa = XCBuildConfiguration;
			buildSettings = {
				ALWAYS_SEARCH_USER_PATHS = NO;
				CLANG_ANALYZER_NONNULL = YES;
				CLANG_ANALYZER_NUMBER_OBJECT_CONVERSION = YES_AGGRESSIVE;
				CLANG_CXX_LANGUAGE_STANDARD = "gnu++14";
				CLANG_CXX_LIBRARY = "libc++";
				CLANG_ENABLE_MODULES = YES;
				CLANG_ENABLE_OBJC_ARC = YES;
				CLANG_ENABLE_OBJC_WEAK = YES;
				CLANG_WARN_BLOCK_CAPTURE_AUTORELEASING = YES;
				CLANG_WARN_BOOL_CONVERSION = YES;
				CLANG_WARN_COMMA = YES;
				CLANG_WARN_CONSTANT_CONVERSION = YES;
				CLANG_WARN_DEPRECATED_OBJC_IMPLEMENTATIONS = YES;
				CLANG_WARN_DIRECT_OBJC_ISA_USAGE = YES_ERROR;
				CLANG_WARN_DOCUMENTATION_COMMENTS = YES;
				CLANG_WARN_EMPTY_BODY = YES;
				CLANG_WARN_ENUM_CONVERSION = YES;
				CLANG_WARN_INFINITE_RECURSION = YES;
				CLANG_WARN_INT_CONVERSION = YES;
				CLANG_WARN_NON_LITERAL_NULL_CONVERSION = YES;
				CLANG_WARN_OBJC_IMPLICIT_RETAIN_SELF = YES;
				CLANG_WARN_OBJC_LITERAL_CONVERSION = YES;
				CLANG_WARN_OBJC_ROOT_CLASS = YES_ERROR;
				CLANG_WARN_RANGE_LOOP_ANALYSIS = YES;
				CLANG_WARN_STRICT_PROTOTYPES = YES;
				CLANG_WARN_SUSPICIOUS_MOVE = YES;
				CLANG_WARN_UNGUARDED_AVAILABILITY = YES_AGGRESSIVE;
				CLANG_WARN_UNREACHABLE_CODE = YES;
				CLANG_WARN__DUPLICATE_METHOD_MATCH = YES;
				CODE_SIGN_IDENTITY = "Mac Developer";
				COPY_PHASE_STRIP = NO;
				CURRENT_PROJECT_VERSION = 1;
				DEBUG_INFORMATION_FORMAT = dwarf;
				ENABLE_STRICT_OBJC_MSGSEND = YES;
				ENABLE_TESTABILITY = YES;
				GCC_C_LANGUAGE_STANDARD = gnu11;
				GCC_DYNAMIC_NO_PIC = NO;
				GCC_NO_COMMON_BLOCKS = YES;
				GCC_OPTIMIZATION_LEVEL = 0;
				GCC_PREPROCESSOR_DEFINITIONS = (
					"DEBUG=1",
					"$(inherited)",
				);
				GCC_WARN_64_TO_32_BIT_CONVERSION = YES;
				GCC_WARN_ABOUT_RETURN_TYPE = YES_ERROR;
				GCC_WARN_UNDECLARED_SELECTOR = YES;
				GCC_WARN_UNINITIALIZED_AUTOS = YES_AGGRESSIVE;
				GCC_WARN_UNUSED_FUNCTION = YES;
				GCC_WARN_UNUSED_VARIABLE = YES;
				MACOSX_DEPLOYMENT_TARGET = 10.14;
				MTL_ENABLE_DEBUG_INFO = INCLUDE_SOURCE;
				MTL_FAST_MATH = YES;
				ONLY_ACTIVE_ARCH = YES;
				SDKROOT = macosx;
				SWIFT_ACTIVE_COMPILATION_CONDITIONS = DEBUG;
				SWIFT_OPTIMIZATION_LEVEL = "-Onone";
				VERSIONING_SYSTEM = "apple-generic";
				VERSION_INFO_PREFIX = "";
			};
			name = Debug;
		};
		6BFB788921B9FE5F00A772EC /* Release */ = {
			isa = XCBuildConfiguration;
			buildSettings = {
				ALWAYS_SEARCH_USER_PATHS = NO;
				CLANG_ANALYZER_NONNULL = YES;
				CLANG_ANALYZER_NUMBER_OBJECT_CONVERSION = YES_AGGRESSIVE;
				CLANG_CXX_LANGUAGE_STANDARD = "gnu++14";
				CLANG_CXX_LIBRARY = "libc++";
				CLANG_ENABLE_MODULES = YES;
				CLANG_ENABLE_OBJC_ARC = YES;
				CLANG_ENABLE_OBJC_WEAK = YES;
				CLANG_WARN_BLOCK_CAPTURE_AUTORELEASING = YES;
				CLANG_WARN_BOOL_CONVERSION = YES;
				CLANG_WARN_COMMA = YES;
				CLANG_WARN_CONSTANT_CONVERSION = YES;
				CLANG_WARN_DEPRECATED_OBJC_IMPLEMENTATIONS = YES;
				CLANG_WARN_DIRECT_OBJC_ISA_USAGE = YES_ERROR;
				CLANG_WARN_DOCUMENTATION_COMMENTS = YES;
				CLANG_WARN_EMPTY_BODY = YES;
				CLANG_WARN_ENUM_CONVERSION = YES;
				CLANG_WARN_INFINITE_RECURSION = YES;
				CLANG_WARN_INT_CONVERSION = YES;
				CLANG_WARN_NON_LITERAL_NULL_CONVERSION = YES;
				CLANG_WARN_OBJC_IMPLICIT_RETAIN_SELF = YES;
				CLANG_WARN_OBJC_LITERAL_CONVERSION = YES;
				CLANG_WARN_OBJC_ROOT_CLASS = YES_ERROR;
				CLANG_WARN_RANGE_LOOP_ANALYSIS = YES;
				CLANG_WARN_STRICT_PROTOTYPES = YES;
				CLANG_WARN_SUSPICIOUS_MOVE = YES;
				CLANG_WARN_UNGUARDED_AVAILABILITY = YES_AGGRESSIVE;
				CLANG_WARN_UNREACHABLE_CODE = YES;
				CLANG_WARN__DUPLICATE_METHOD_MATCH = YES;
				CODE_SIGN_IDENTITY = "Mac Developer";
				COPY_PHASE_STRIP = NO;
				CURRENT_PROJECT_VERSION = 1;
				DEBUG_INFORMATION_FORMAT = "dwarf-with-dsym";
				ENABLE_NS_ASSERTIONS = NO;
				ENABLE_STRICT_OBJC_MSGSEND = YES;
				GCC_C_LANGUAGE_STANDARD = gnu11;
				GCC_NO_COMMON_BLOCKS = YES;
				GCC_WARN_64_TO_32_BIT_CONVERSION = YES;
				GCC_WARN_ABOUT_RETURN_TYPE = YES_ERROR;
				GCC_WARN_UNDECLARED_SELECTOR = YES;
				GCC_WARN_UNINITIALIZED_AUTOS = YES_AGGRESSIVE;
				GCC_WARN_UNUSED_FUNCTION = YES;
				GCC_WARN_UNUSED_VARIABLE = YES;
				MACOSX_DEPLOYMENT_TARGET = 10.14;
				MTL_ENABLE_DEBUG_INFO = NO;
				MTL_FAST_MATH = YES;
				SDKROOT = macosx;
				SWIFT_COMPILATION_MODE = wholemodule;
				SWIFT_OPTIMIZATION_LEVEL = "-O";
				VERSIONING_SYSTEM = "apple-generic";
				VERSION_INFO_PREFIX = "";
			};
			name = Release;
		};
		6BFB788B21B9FE5F00A772EC /* Debug */ = {
			isa = XCBuildConfiguration;
			buildSettings = {
				CODE_SIGN_IDENTITY = "";
				CODE_SIGN_STYLE = Automatic;
				COMBINE_HIDPI_IMAGES = YES;
				DEFINES_MODULE = YES;
				DEVELOPMENT_TEAM = V82D3M2836;
				DYLIB_COMPATIBILITY_VERSION = 1;
				DYLIB_CURRENT_VERSION = 1;
				DYLIB_INSTALL_NAME_BASE = "@rpath";
				FRAMEWORK_VERSION = A;
				INFOPLIST_FILE = AdventLib/Info.plist;
				INSTALL_PATH = "$(LOCAL_LIBRARY_DIR)/Frameworks";
				LD_RUNPATH_SEARCH_PATHS = (
					"$(inherited)",
					"@executable_path/../Frameworks",
					"@loader_path/Frameworks",
				);
				PRODUCT_BUNDLE_IDENTIFIER = com.paschich.david.AdventLib;
				PRODUCT_NAME = "$(TARGET_NAME:c99extidentifier)";
				SKIP_INSTALL = YES;
				SWIFT_VERSION = 4.2;
			};
			name = Debug;
		};
		6BFB788C21B9FE5F00A772EC /* Release */ = {
			isa = XCBuildConfiguration;
			buildSettings = {
				CODE_SIGN_IDENTITY = "";
				CODE_SIGN_STYLE = Automatic;
				COMBINE_HIDPI_IMAGES = YES;
				DEFINES_MODULE = YES;
				DEVELOPMENT_TEAM = V82D3M2836;
				DYLIB_COMPATIBILITY_VERSION = 1;
				DYLIB_CURRENT_VERSION = 1;
				DYLIB_INSTALL_NAME_BASE = "@rpath";
				FRAMEWORK_VERSION = A;
				INFOPLIST_FILE = AdventLib/Info.plist;
				INSTALL_PATH = "$(LOCAL_LIBRARY_DIR)/Frameworks";
				LD_RUNPATH_SEARCH_PATHS = (
					"$(inherited)",
					"@executable_path/../Frameworks",
					"@loader_path/Frameworks",
				);
				PRODUCT_BUNDLE_IDENTIFIER = com.paschich.david.AdventLib;
				PRODUCT_NAME = "$(TARGET_NAME:c99extidentifier)";
				SKIP_INSTALL = YES;
				SWIFT_VERSION = 4.2;
			};
			name = Release;
		};
		6BFB788E21B9FE5F00A772EC /* Debug */ = {
			isa = XCBuildConfiguration;
			buildSettings = {
				ALWAYS_EMBED_SWIFT_STANDARD_LIBRARIES = YES;
				CODE_SIGN_STYLE = Automatic;
				COMBINE_HIDPI_IMAGES = YES;
				DEVELOPMENT_TEAM = V82D3M2836;
				INFOPLIST_FILE = AdventLibTests/Info.plist;
				LD_RUNPATH_SEARCH_PATHS = (
					"$(inherited)",
					"@executable_path/../Frameworks",
					"@loader_path/../Frameworks",
				);
				PRODUCT_BUNDLE_IDENTIFIER = com.paschich.david.AdventLibTests;
				PRODUCT_NAME = "$(TARGET_NAME)";
				SWIFT_VERSION = 4.2;
			};
			name = Debug;
		};
		6BFB788F21B9FE5F00A772EC /* Release */ = {
			isa = XCBuildConfiguration;
			buildSettings = {
				ALWAYS_EMBED_SWIFT_STANDARD_LIBRARIES = YES;
				CODE_SIGN_STYLE = Automatic;
				COMBINE_HIDPI_IMAGES = YES;
				DEVELOPMENT_TEAM = V82D3M2836;
				INFOPLIST_FILE = AdventLibTests/Info.plist;
				LD_RUNPATH_SEARCH_PATHS = (
					"$(inherited)",
					"@executable_path/../Frameworks",
					"@loader_path/../Frameworks",
				);
				PRODUCT_BUNDLE_IDENTIFIER = com.paschich.david.AdventLibTests;
				PRODUCT_NAME = "$(TARGET_NAME)";
				SWIFT_VERSION = 4.2;
			};
			name = Release;
		};
/* End XCBuildConfiguration section */

/* Begin XCConfigurationList section */
		6BFB787021B9FE5E00A772EC /* Build configuration list for PBXProject "AdventLib" */ = {
			isa = XCConfigurationList;
			buildConfigurations = (
				6BFB788821B9FE5F00A772EC /* Debug */,
				6BFB788921B9FE5F00A772EC /* Release */,
			);
			defaultConfigurationIsVisible = 0;
			defaultConfigurationName = Release;
		};
		6BFB788A21B9FE5F00A772EC /* Build configuration list for PBXNativeTarget "AdventLib" */ = {
			isa = XCConfigurationList;
			buildConfigurations = (
				6BFB788B21B9FE5F00A772EC /* Debug */,
				6BFB788C21B9FE5F00A772EC /* Release */,
			);
			defaultConfigurationIsVisible = 0;
			defaultConfigurationName = Release;
		};
		6BFB788D21B9FE5F00A772EC /* Build configuration list for PBXNativeTarget "AdventLibTests" */ = {
			isa = XCConfigurationList;
			buildConfigurations = (
				6BFB788E21B9FE5F00A772EC /* Debug */,
				6BFB788F21B9FE5F00A772EC /* Release */,
			);
			defaultConfigurationIsVisible = 0;
			defaultConfigurationName = Release;
		};
/* End XCConfigurationList section */
	};
	rootObject = 6BFB786D21B9FE5E00A772EC /* Project object */;
}
